{
  "version": 4,
  "terraform_version": "1.12.1",
  "serial": 7,
  "lineage": "091dd695-77ac-f9e5-c970-9dc94ad5fccc",
  "outputs": {},
  "resources": [
    {
      "module": "module.config_files",
      "mode": "managed",
      "type": "local_file",
      "name": "app_conf",
      "provider": "provider[\"registry.terraform.io/hashicorp/local\"]",
      "instances": [
        {
          "schema_version": 0,
          "attributes": {
            "content": "Archivo de configuración secundaria.",
            "content_base64": null,
            "content_base64sha256": "QIRtmJ8ML8qcVlciwsMonW8bBYq7u+yneq86oS1x6eo=",
            "content_base64sha512": "ADryLJ/BXiPSU4OJbX8V0uwE5CkqRSn7SEp9ho66gvwzbUIsZkBQdIDJOWklo3p43w2Sby8krP8iX/ZPQYFL2A==",
            "content_md5": "b50ac1d3f10f332aef700ffabe7517e0",
            "content_sha1": "c3ba6975dfb9164a7dc935b162168fa558c6053b",
            "content_sha256": "40846d989f0c2fca9c565722c2c3289d6f1b058abbbbeca77aaf3aa12d71e9ea",
            "content_sha512": "003af22c9fc15e23d25383896d7f15d2ec04e4292a4529fb484a7d868eba82fc336d422c6640507480c9396925a37a78df0d926f2f24acff225ff64f41814bd8",
            "directory_permission": "0777",
            "file_permission": "0777",
            "filename": "modules/root_dir/infra_local/app.conf",
            "id": "c3ba6975dfb9164a7dc935b162168fa558c6053b",
            "sensitive_content": null,
            "source": null
          },
          "sensitive_attributes": [
            [
              {
                "type": "get_attr",
                "value": "sensitive_content"
              }
            ]
          ],
          "identity_schema_version": 0
        }
      ]
    },
    {
      "module": "module.config_files",
      "mode": "managed",
      "type": "local_file",
      "name": "main_conf",
      "provider": "provider[\"registry.terraform.io/hashicorp/local\"]",
      "instances": [
        {
          "schema_version": 0,
          "attributes": {
            "content": "Archivo de configuración principal.",
            "content_base64": null,
            "content_base64sha256": "SL+aptImcPAk2bmn81UBtgJtAtgblvBUz0jssEtgE50=",
            "content_base64sha512": "PZx3PeNLz8QL9gR6aE6K7UjhYafzCs7EBXVKwVm96ZpBF1KWmSeO92kV0oyFXJo0YAjtKOHENA8/QRNAHWzZ5w==",
            "content_md5": "86315470325a3fbb07da7bad34f2edf6",
            "content_sha1": "40d364fbfd86c523a3f491b389eacd5f330eebff",
            "content_sha256": "48bf9aa6d22670f024d9b9a7f35501b6026d02d81b96f054cf48ecb04b60139d",
            "content_sha512": "3d9c773de34bcfc40bf6047a684e8aed48e161a7f30acec405754ac159bde99a4117529699278ef76915d28c855c9a346008ed28e1c4340f3f4113401d6cd9e7",
            "directory_permission": "0777",
            "file_permission": "0777",
            "filename": "modules/root_dir/infra_local/main.conf",
            "id": "40d364fbfd86c523a3f491b389eacd5f330eebff",
            "sensitive_content": null,
            "source": null
          },
          "sensitive_attributes": [
            [
              {
                "type": "get_attr",
                "value": "sensitive_content"
              }
            ]
          ],
          "identity_schema_version": 0
        }
      ]
    },
    {
      "module": "module.root_dir",
      "mode": "managed",
      "type": "local_file",
      "name": "keep_root",
      "provider": "provider[\"registry.terraform.io/hashicorp/local\"]",
      "instances": [
        {
          "schema_version": 0,
          "attributes": {
            "content": "Directorio raíz.",
            "content_base64": null,
            "content_base64sha256": "KkGJbpo9/CR+ieS1BFb1UCe2WK3MlgxXZ2AzZKhgrv4=",
            "content_base64sha512": "EVD/3P9ufMxHjIJRR0jRFZPB3Y9buzWLYTzC/samQ24b7ALtJH7pd7zK6ZT2LAOufqfjog2r93NImOC8unsHsw==",
            "content_md5": "4ea9ab8f5d9331f0c48599b31b0f69c4",
            "content_sha1": "4eab73ecaf70f503a65762a05c702e2976e07b0a",
            "content_sha256": "2a41896e9a3dfc247e89e4b50456f55027b658adcc960c5767603364a860aefe",
            "content_sha512": "1150ffdcff6e7ccc478c82514748d11593c1dd8f5bbb358b613cc2fec6a6436e1bec02ed247ee977bccae994f62c03ae7ea7e3a20dabf7734898e0bcba7b07b3",
            "directory_permission": "0777",
            "file_permission": "0777",
            "filename": "modules/root_dir/infra_local/.keep",
            "id": "4eab73ecaf70f503a65762a05c702e2976e07b0a",
            "sensitive_content": null,
            "source": null
          },
          "sensitive_attributes": [
            [
              {
                "type": "get_attr",
                "value": "sensitive_content"
              }
            ]
          ],
          "identity_schema_version": 0
        }
      ]
    },
    {
      "module": "module.service_dir",
      "mode": "managed",
      "type": "local_file",
      "name": "service_data",
      "provider": "provider[\"registry.terraform.io/hashicorp/local\"]",
      "instances": [
        {
          "schema_version": 0,
          "attributes": {
            "content": "Servicio usando: modules/root_dir/infra_local/main.conf, modules/root_dir/infra_local/app.conf",
            "content_base64": null,
            "content_base64sha256": "fH9+CpBa4aICyvRqKdvki/hS6bsVzJjTR5UmWEX2HSk=",
            "content_base64sha512": "NmT39blPVMz8fT7P4ozCR5q77/YjQeBSHqFiWGx64HZntG6K0lMXnKbSSRAhExHsuDvo/jkXRP4UbFTH/7kTTQ==",
            "content_md5": "76bc6a09a8feb6a9a83a03cb21a660ad",
            "content_sha1": "ec17f199c4e91ccc5b7916284dfee6c6775f369b",
            "content_sha256": "7c7f7e0a905ae1a202caf46a29dbe48bf852e9bb15cc98d34795265845f61d29",
            "content_sha512": "3664f7f5b94f54ccfc7d3ecfe28cc2479abbeff62341e0521ea162586c7ae07667b46e8ad253179ca6d24910211311ecb83be8fe391744fe146c54c7ffb9134d",
            "directory_permission": "0777",
            "file_permission": "0777",
            "filename": "modules/root_dir/infra_local/service/service_data.txt",
            "id": "ec17f199c4e91ccc5b7916284dfee6c6775f369b",
            "sensitive_content": null,
            "source": null
          },
          "sensitive_attributes": [
            [
              {
                "type": "get_attr",
                "value": "sensitive_content"
              }
            ]
          ],
          "identity_schema_version": 0,
          "dependencies": [
            "module.config_files.local_file.app_conf",
            "module.config_files.local_file.main_conf",
            "module.service_dir.null_resource.service_folder"
          ]
        }
      ]
    },
    {
      "module": "module.service_dir",
      "mode": "managed",
      "type": "null_resource",
      "name": "service_folder",
      "provider": "provider[\"registry.terraform.io/hashicorp/null\"]",
      "instances": [
        {
          "schema_version": 0,
          "attributes": {
            "id": "4260793396122634694",
            "triggers": null
          },
          "sensitive_attributes": [],
          "identity_schema_version": 0
        }
      ]
    },
    {
      "module": "module.summary_creator",
      "mode": "managed",
      "type": "local_file",
      "name": "summary",
      "provider": "provider[\"registry.terraform.io/hashicorp/local\"]",
      "instances": [
        {
          "schema_version": 0,
          "attributes": {
            "content": "Infraestructura:\n- Archivos de configuración: modules/root_dir/infra_local/main.conf, modules/root_dir/infra_local/app.conf\n- Servicio en: modules/root_dir/infra_local/service\n- Archivo de servicio: modules/root_dir/infra_local/service/service_data.txt\n",
            "content_base64": null,
            "content_base64sha256": "7lIAamFE9SwOBNRjCz7D3hXWDY86tF6Jx2Kq4trohrk=",
            "content_base64sha512": "9IILc+V4VBvfFs88hbLf5TnF0jzLhqE6boQTcafrQFZGkOqQko1JU65Kq682KDfi82eOgxAe38Wc9JSRChgPSw==",
            "content_md5": "68c406369f39c220616feb2d55bc55aa",
            "content_sha1": "c4a73b2b0d40dbc0d31fd8290978e6b006700a55",
            "content_sha256": "ee52006a6144f52c0e04d4630b3ec3de15d60d8f3ab45e89c762aae2dae886b9",
            "content_sha512": "f4820b73e578541bdf16cf3c85b2dfe539c5d23ccb86a13a6e841371a7eb40564690ea90928d4953ae4aabaf362837e2f3678e83101edfc59cf494910a180f4b",
            "directory_permission": "0777",
            "file_permission": "0777",
            "filename": "modules/root_dir/infra_local/summary.txt",
            "id": "c4a73b2b0d40dbc0d31fd8290978e6b006700a55",
            "sensitive_content": null,
            "source": null
          },
          "sensitive_attributes": [
            [
              {
                "type": "get_attr",
                "value": "sensitive_content"
              }
            ]
          ],
          "identity_schema_version": 0,
          "dependencies": [
            "module.config_files.local_file.app_conf",
            "module.config_files.local_file.main_conf",
            "module.service_dir.local_file.service_data",
            "module.service_dir.null_resource.service_folder"
          ]
        }
      ]
    }
  ],
  "check_results": null
}
